
Microsoft Visual Studio Solution File, Format Version 12.00
# Visual Studio Version 17
VisualStudioVersion = 17.3.32929.385
MinimumVisualStudioVersion = 10.0.40219.1
Project("{F184B08F-C81C-45F6-A57F-5ABD9991F28F}") = "MyPaint", "MyPaint\MyPaint.vbproj", "{6051BE8B-50CE-4E39-9608-526998EDE7E2}"
EndProject
Global
	GlobalSection(SolutionConfigurationPlatforms) = preSolution
		Debug|Any CPU = Debug|Any CPU
		Release|Any CPU = Release|Any CPU
	EndGlobalSection
	GlobalSection(ProjectConfigurationPlatforms) = postSolution
		{6051BE8B-50CE-4E39-9608-526998EDE7E2}.Debug|Any CPU.ActiveCfg = Debug|Any CPU
		{6051BE8B-50CE-4E39-9608-526998EDE7E2}.Debug|Any CPU.Build.0 = Debug|Any CPU
		{6051BE8B-50CE-4E39-9608-526998EDE7E2}.Release|Any CPU.ActiveCfg = Release|Any CPU
		{6051BE8B-50CE-4E39-9608-526998EDE7E2}.Release|Any CPU.Build.0 = Release|Any CPU
	EndGlobalSection
	GlobalSection(SolutionProperties) = preSolution
		HideSolutionNode = FALSE
	EndGlobalSection
	GlobalSection(ExtensibilityGlobals) = postSolution
		SolutionGuid = {75026C4F-F7CD-421E-92FF-90F781EA9EAC}
	EndGlobalSection
EndGlobal
