
Microsoft Visual Studio Solution File, Format Version 12.00
# Visual Studio Version 17
VisualStudioVersion = 17.3.32929.385
MinimumVisualStudioVersion = 10.0.40219.1
Project("{F184B08F-C81C-45F6-A57F-5ABD9991F28F}") = "WpfApp2", "WpfApp2\WpfApp2.vbproj", "{04E60B5B-F406-4CFA-A7CC-F9E2C7D7761C}"
EndProject
Global
	GlobalSection(SolutionConfigurationPlatforms) = preSolution
		Debug|Any CPU = Debug|Any CPU
		Release|Any CPU = Release|Any CPU
	EndGlobalSection
	GlobalSection(ProjectConfigurationPlatforms) = postSolution
		{04E60B5B-F406-4CFA-A7CC-F9E2C7D7761C}.Debug|Any CPU.ActiveCfg = Debug|Any CPU
		{04E60B5B-F406-4CFA-A7CC-F9E2C7D7761C}.Debug|Any CPU.Build.0 = Debug|Any CPU
		{04E60B5B-F406-4CFA-A7CC-F9E2C7D7761C}.Release|Any CPU.ActiveCfg = Release|Any CPU
		{04E60B5B-F406-4CFA-A7CC-F9E2C7D7761C}.Release|Any CPU.Build.0 = Release|Any CPU
	EndGlobalSection
	GlobalSection(SolutionProperties) = preSolution
		HideSolutionNode = FALSE
	EndGlobalSection
	GlobalSection(ExtensibilityGlobals) = postSolution
		SolutionGuid = {D9D633E3-0E20-4B1C-8921-00070D1BDF7B}
	EndGlobalSection
EndGlobal
